
Microsoft Visual Studio Solution File, Format Version 12.00
# Visual Studio Version 18
VisualStudioVersion = 18.1.11312.151 d18.0
MinimumVisualStudioVersion = 10.0.40219.1
Project("{FAE04EC0-301F-11D3-BF4B-00C04F79EFBC}") = "PaperCave.Api", "PaperCave.Api\PaperCave.Api.csproj", "{CB974400-8D20-4A71-885B-FC183C48E6E5}"
EndProject
Project("{FAE04EC0-301F-11D3-BF4B-00C04F79EFBC}") = "PaperCave.Core", "PaperCave.Core\PaperCave.Core.csproj", "{B0D22F8D-C5F2-45E3-AF50-7DF9F16FC38C}"
EndProject
Project("{FAE04EC0-301F-11D3-BF4B-00C04F79EFBC}") = "PaperCave.Infrastructure", "PaperCave.Infrastructure\PaperCave.Infrastructure.csproj", "{3E163570-CFB1-4D0B-8FD6-BF0E30D47DD1}"
EndProject
Project("{FAE04EC0-301F-11D3-BF4B-00C04F79EFBC}") = "PaperCave.Tests", "PaperCave.Tests\PaperCave.Tests.csproj", "{080F2767-8434-4257-AD16-684A30174828}"
EndProject
Project("{FAE04EC0-301F-11D3-BF4B-00C04F79EFBC}") = "PaperCave.DTO", "PaperCave.DTO\PaperCave.DTO.csproj", "{43460906-2BE7-4310-AE5B-D5F2B795E208}"
EndProject
Project("{00D1A9C2-B5F0-4AF3-8072-F6C62B433612}") = "PaperCave.Db", "PaperCave.Db\PaperCave.Db.sqlproj", "{1AE4C26A-7F01-4FE2-A0C4-8BE9302722C4}"
EndProject
Global
	GlobalSection(SolutionConfigurationPlatforms) = preSolution
		Debug|Any CPU = Debug|Any CPU
		Release|Any CPU = Release|Any CPU
	EndGlobalSection
	GlobalSection(ProjectConfigurationPlatforms) = postSolution
		{CB974400-8D20-4A71-885B-FC183C48E6E5}.Debug|Any CPU.ActiveCfg = Debug|Any CPU
		{CB974400-8D20-4A71-885B-FC183C48E6E5}.Debug|Any CPU.Build.0 = Debug|Any CPU
		{CB974400-8D20-4A71-885B-FC183C48E6E5}.Release|Any CPU.ActiveCfg = Release|Any CPU
		{CB974400-8D20-4A71-885B-FC183C48E6E5}.Release|Any CPU.Build.0 = Release|Any CPU
		{B0D22F8D-C5F2-45E3-AF50-7DF9F16FC38C}.Debug|Any CPU.ActiveCfg = Debug|Any CPU
		{B0D22F8D-C5F2-45E3-AF50-7DF9F16FC38C}.Debug|Any CPU.Build.0 = Debug|Any CPU
		{B0D22F8D-C5F2-45E3-AF50-7DF9F16FC38C}.Release|Any CPU.ActiveCfg = Release|Any CPU
		{B0D22F8D-C5F2-45E3-AF50-7DF9F16FC38C}.Release|Any CPU.Build.0 = Release|Any CPU
		{3E163570-CFB1-4D0B-8FD6-BF0E30D47DD1}.Debug|Any CPU.ActiveCfg = Debug|Any CPU
		{3E163570-CFB1-4D0B-8FD6-BF0E30D47DD1}.Debug|Any CPU.Build.0 = Debug|Any CPU
		{3E163570-CFB1-4D0B-8FD6-BF0E30D47DD1}.Release|Any CPU.ActiveCfg = Release|Any CPU
		{3E163570-CFB1-4D0B-8FD6-BF0E30D47DD1}.Release|Any CPU.Build.0 = Release|Any CPU
		{080F2767-8434-4257-AD16-684A30174828}.Debug|Any CPU.ActiveCfg = Debug|Any CPU
		{080F2767-8434-4257-AD16-684A30174828}.Debug|Any CPU.Build.0 = Debug|Any CPU
		{080F2767-8434-4257-AD16-684A30174828}.Release|Any CPU.ActiveCfg = Release|Any CPU
		{080F2767-8434-4257-AD16-684A30174828}.Release|Any CPU.Build.0 = Release|Any CPU
		{43460906-2BE7-4310-AE5B-D5F2B795E208}.Debug|Any CPU.ActiveCfg = Debug|Any CPU
		{43460906-2BE7-4310-AE5B-D5F2B795E208}.Debug|Any CPU.Build.0 = Debug|Any CPU
		{43460906-2BE7-4310-AE5B-D5F2B795E208}.Release|Any CPU.ActiveCfg = Release|Any CPU
		{43460906-2BE7-4310-AE5B-D5F2B795E208}.Release|Any CPU.Build.0 = Release|Any CPU
		{1AE4C26A-7F01-4FE2-A0C4-8BE9302722C4}.Debug|Any CPU.ActiveCfg = Debug|Any CPU
		{1AE4C26A-7F01-4FE2-A0C4-8BE9302722C4}.Debug|Any CPU.Build.0 = Debug|Any CPU
		{1AE4C26A-7F01-4FE2-A0C4-8BE9302722C4}.Debug|Any CPU.Deploy.0 = Debug|Any CPU
		{1AE4C26A-7F01-4FE2-A0C4-8BE9302722C4}.Release|Any CPU.ActiveCfg = Release|Any CPU
		{1AE4C26A-7F01-4FE2-A0C4-8BE9302722C4}.Release|Any CPU.Build.0 = Release|Any CPU
		{1AE4C26A-7F01-4FE2-A0C4-8BE9302722C4}.Release|Any CPU.Deploy.0 = Release|Any CPU
	EndGlobalSection
	GlobalSection(SolutionProperties) = preSolution
		HideSolutionNode = FALSE
	EndGlobalSection
	GlobalSection(ExtensibilityGlobals) = postSolution
		SolutionGuid = {B2BF0997-5AE5-4EEC-BBDD-98EA116C58C1}
	EndGlobalSection
EndGlobal
